{
    "_meta": {
        "hash": {
            "sha256": "5a052b8573865f5e59e987e662061e5635507f985ed8fe0d5dd50358ac02df9b"
        },
        "pipfile-spec": 6,
        "requires": {
            "python_version": "3.8"
        },
        "sources": [
            {
                "name": "pypi",
                "url": "https://pypi.org/simple",
                "verify_ssl": true
            }
        ]
    },
    "default": {
        "decorator": {
            "hashes": [
                "sha256:41fa54c2a0cc4ba648be4fd43cff00aedf5b9465c9bf18d64325bc225f08f760",
                "sha256:e3a62f0520172440ca0dcc823749319382e377f37f140a0b99ef45fecb84bfe7"
            ],
            "version": "==4.4.2"
        },
        "pyuac": {
            "hashes": [
                "sha256:cf0e1de597388744daa308e4f83019885caa0c646246a7e94713a77652701600",
                "sha256:fd11caf47246e0a5149284ced014c346439ae3a28c6bad0b622b239fe30d2d5b"
            ],
            "index": "pypi",
            "version": "==0.0.3"
        },
        "tee": {
            "hashes": [
                "sha256:16fdbb34b1e89a308094d86d2d497f5fa5ac47df9202f3dde913070d31699fad",
                "sha256:801dea18fe5046b57c26e87aa5c7ca0d1b8590cdc0e4e84158d07cdfa6628cdb"
            ],
            "version": "==0.0.3"
        }
    },
    "develop": {}
}
